
Microsoft Visual Studio Solution File, Format Version 12.00
# Visual Studio Version 16
VisualStudioVersion = 16.0.31424.327
MinimumVisualStudioVersion = 10.0.40219.1
Project("{FAE04EC0-301F-11D3-BF4B-00C04F79EFBC}") = "DapperCrud", "DapperCrud\DapperCrud.csproj", "{D96B7BB7-5BF3-40FF-81A9-A3B23C92E0CE}"
EndProject
Global
	GlobalSection(SolutionConfigurationPlatforms) = preSolution
		Debug|Any CPU = Debug|Any CPU
		Release|Any CPU = Release|Any CPU
	EndGlobalSection
	GlobalSection(ProjectConfigurationPlatforms) = postSolution
		{D96B7BB7-5BF3-40FF-81A9-A3B23C92E0CE}.Debug|Any CPU.ActiveCfg = Debug|Any CPU
		{D96B7BB7-5BF3-40FF-81A9-A3B23C92E0CE}.Debug|Any CPU.Build.0 = Debug|Any CPU
		{D96B7BB7-5BF3-40FF-81A9-A3B23C92E0CE}.Release|Any CPU.ActiveCfg = Release|Any CPU
		{D96B7BB7-5BF3-40FF-81A9-A3B23C92E0CE}.Release|Any CPU.Build.0 = Release|Any CPU
	EndGlobalSection
	GlobalSection(SolutionProperties) = preSolution
		HideSolutionNode = FALSE
	EndGlobalSection
	GlobalSection(ExtensibilityGlobals) = postSolution
		SolutionGuid = {144E256A-4BF0-4D0F-9474-47C8CE2A2DC1}
	EndGlobalSection
EndGlobal
